
Microsoft Visual Studio Solution File, Format Version 12.00
# Visual Studio 15
VisualStudioVersion = 15.0.26124.0
MinimumVisualStudioVersion = 15.0.26124.0
Project("{2150E333-8FDC-42A3-9474-1A3956D46DE8}") = "src", "src", "{D88D2E6D-213A-46FA-BAA2-DB6BE33DEF0E}"
EndProject
Project("{FAE04EC0-301F-11D3-BF4B-00C04F79EFBC}") = "StudentAPI", "src\StudentAPI\StudentAPI.csproj", "{FBE15518-6E3C-4EC6-9CB7-F7BF83733F95}"
EndProject
Project("{2150E333-8FDC-42A3-9474-1A3956D46DE8}") = "test", "test", "{FDA8239F-8DD7-46EE-9980-86727BFECF56}"
EndProject
Project("{FAE04EC0-301F-11D3-BF4B-00C04F79EFBC}") = "StudentAPI.Tests", "test\StudentAPI.Tests\StudentAPI.Tests.csproj", "{BEB9A136-5717-4236-AE77-4B6893E8BB55}"
EndProject
Global
	GlobalSection(SolutionConfigurationPlatforms) = preSolution
		Debug|Any CPU = Debug|Any CPU
		Debug|x64 = Debug|x64
		Debug|x86 = Debug|x86
		Release|Any CPU = Release|Any CPU
		Release|x64 = Release|x64
		Release|x86 = Release|x86
	EndGlobalSection
	GlobalSection(SolutionProperties) = preSolution
		HideSolutionNode = FALSE
	EndGlobalSection
	GlobalSection(ProjectConfigurationPlatforms) = postSolution
		{FBE15518-6E3C-4EC6-9CB7-F7BF83733F95}.Debug|Any CPU.ActiveCfg = Debug|Any CPU
		{FBE15518-6E3C-4EC6-9CB7-F7BF83733F95}.Debug|Any CPU.Build.0 = Debug|Any CPU
		{FBE15518-6E3C-4EC6-9CB7-F7BF83733F95}.Debug|x64.ActiveCfg = Debug|Any CPU
		{FBE15518-6E3C-4EC6-9CB7-F7BF83733F95}.Debug|x64.Build.0 = Debug|Any CPU
		{FBE15518-6E3C-4EC6-9CB7-F7BF83733F95}.Debug|x86.ActiveCfg = Debug|Any CPU
		{FBE15518-6E3C-4EC6-9CB7-F7BF83733F95}.Debug|x86.Build.0 = Debug|Any CPU
		{FBE15518-6E3C-4EC6-9CB7-F7BF83733F95}.Release|Any CPU.ActiveCfg = Release|Any CPU
		{FBE15518-6E3C-4EC6-9CB7-F7BF83733F95}.Release|Any CPU.Build.0 = Release|Any CPU
		{FBE15518-6E3C-4EC6-9CB7-F7BF83733F95}.Release|x64.ActiveCfg = Release|Any CPU
		{FBE15518-6E3C-4EC6-9CB7-F7BF83733F95}.Release|x64.Build.0 = Release|Any CPU
		{FBE15518-6E3C-4EC6-9CB7-F7BF83733F95}.Release|x86.ActiveCfg = Release|Any CPU
		{FBE15518-6E3C-4EC6-9CB7-F7BF83733F95}.Release|x86.Build.0 = Release|Any CPU
		{BEB9A136-5717-4236-AE77-4B6893E8BB55}.Debug|Any CPU.ActiveCfg = Debug|Any CPU
		{BEB9A136-5717-4236-AE77-4B6893E8BB55}.Debug|Any CPU.Build.0 = Debug|Any CPU
		{BEB9A136-5717-4236-AE77-4B6893E8BB55}.Debug|x64.ActiveCfg = Debug|Any CPU
		{BEB9A136-5717-4236-AE77-4B6893E8BB55}.Debug|x64.Build.0 = Debug|Any CPU
		{BEB9A136-5717-4236-AE77-4B6893E8BB55}.Debug|x86.ActiveCfg = Debug|Any CPU
		{BEB9A136-5717-4236-AE77-4B6893E8BB55}.Debug|x86.Build.0 = Debug|Any CPU
		{BEB9A136-5717-4236-AE77-4B6893E8BB55}.Release|Any CPU.ActiveCfg = Release|Any CPU
		{BEB9A136-5717-4236-AE77-4B6893E8BB55}.Release|Any CPU.Build.0 = Release|Any CPU
		{BEB9A136-5717-4236-AE77-4B6893E8BB55}.Release|x64.ActiveCfg = Release|Any CPU
		{BEB9A136-5717-4236-AE77-4B6893E8BB55}.Release|x64.Build.0 = Release|Any CPU
		{BEB9A136-5717-4236-AE77-4B6893E8BB55}.Release|x86.ActiveCfg = Release|Any CPU
		{BEB9A136-5717-4236-AE77-4B6893E8BB55}.Release|x86.Build.0 = Release|Any CPU
	EndGlobalSection
	GlobalSection(NestedProjects) = preSolution
		{FBE15518-6E3C-4EC6-9CB7-F7BF83733F95} = {D88D2E6D-213A-46FA-BAA2-DB6BE33DEF0E}
		{BEB9A136-5717-4236-AE77-4B6893E8BB55} = {FDA8239F-8DD7-46EE-9980-86727BFECF56}
	EndGlobalSection
EndGlobal
